
Microsoft Visual Studio Solution File, Format Version 12.00
# Visual Studio Version 16
VisualStudioVersion = 16.0.29503.13
MinimumVisualStudioVersion = 10.0.40219.1
Project("{FAE04EC0-301F-11D3-BF4B-00C04F79EFBC}") = "Osb Optimizer", "Osb Optimizer\Osb Optimizer.csproj", "{943813B1-4AF3-4AB0-9863-89B24B06A714}"
EndProject
Project("{FAE04EC0-301F-11D3-BF4B-00C04F79EFBC}") = "WpfApi", "WpfApi\WpfApi.csproj", "{028E6F4E-D538-4B83-904C-C94C2F1E3C83}"
EndProject
Project("{9A19103F-16F7-4668-BE54-9A1E7A4F7556}") = "OSharp.Common", "OSharp.Common\OSharp.Common.csproj", "{54A6FF61-14B8-4BF4-B927-CF193C61CE4C}"
EndProject
Project("{9A19103F-16F7-4668-BE54-9A1E7A4F7556}") = "OSharp.Storyboard", "OSharp.Storyboard\OSharp.Storyboard.csproj", "{34BF2185-729C-48D9-801C-5CFA0741CCA4}"
EndProject
Project("{FAE04EC0-301F-11D3-BF4B-00C04F79EFBC}") = "Osb-Optimizer", "Osb-Optimizer\Osb-Optimizer.csproj", "{253EDD5C-6EC4-4EC9-9B2C-34CF4EAA1803}"
EndProject
Global
	GlobalSection(SolutionConfigurationPlatforms) = preSolution
		Debug|Any CPU = Debug|Any CPU
		Debug|x64 = Debug|x64
		Release|Any CPU = Release|Any CPU
		Release|x64 = Release|x64
	EndGlobalSection
	GlobalSection(ProjectConfigurationPlatforms) = postSolution
		{943813B1-4AF3-4AB0-9863-89B24B06A714}.Debug|Any CPU.ActiveCfg = Debug|Any CPU
		{943813B1-4AF3-4AB0-9863-89B24B06A714}.Debug|Any CPU.Build.0 = Debug|Any CPU
		{943813B1-4AF3-4AB0-9863-89B24B06A714}.Debug|x64.ActiveCfg = Debug|Any CPU
		{943813B1-4AF3-4AB0-9863-89B24B06A714}.Debug|x64.Build.0 = Debug|Any CPU
		{943813B1-4AF3-4AB0-9863-89B24B06A714}.Release|Any CPU.ActiveCfg = Release|Any CPU
		{943813B1-4AF3-4AB0-9863-89B24B06A714}.Release|Any CPU.Build.0 = Release|Any CPU
		{943813B1-4AF3-4AB0-9863-89B24B06A714}.Release|x64.ActiveCfg = Release|Any CPU
		{943813B1-4AF3-4AB0-9863-89B24B06A714}.Release|x64.Build.0 = Release|Any CPU
		{028E6F4E-D538-4B83-904C-C94C2F1E3C83}.Debug|Any CPU.ActiveCfg = Debug|Any CPU
		{028E6F4E-D538-4B83-904C-C94C2F1E3C83}.Debug|Any CPU.Build.0 = Debug|Any CPU
		{028E6F4E-D538-4B83-904C-C94C2F1E3C83}.Debug|x64.ActiveCfg = Debug|x64
		{028E6F4E-D538-4B83-904C-C94C2F1E3C83}.Debug|x64.Build.0 = Debug|x64
		{028E6F4E-D538-4B83-904C-C94C2F1E3C83}.Release|Any CPU.ActiveCfg = Release|Any CPU
		{028E6F4E-D538-4B83-904C-C94C2F1E3C83}.Release|Any CPU.Build.0 = Release|Any CPU
		{028E6F4E-D538-4B83-904C-C94C2F1E3C83}.Release|x64.ActiveCfg = Release|x64
		{028E6F4E-D538-4B83-904C-C94C2F1E3C83}.Release|x64.Build.0 = Release|x64
		{54A6FF61-14B8-4BF4-B927-CF193C61CE4C}.Debug|Any CPU.ActiveCfg = Debug|Any CPU
		{54A6FF61-14B8-4BF4-B927-CF193C61CE4C}.Debug|Any CPU.Build.0 = Debug|Any CPU
		{54A6FF61-14B8-4BF4-B927-CF193C61CE4C}.Debug|x64.ActiveCfg = Debug|Any CPU
		{54A6FF61-14B8-4BF4-B927-CF193C61CE4C}.Debug|x64.Build.0 = Debug|Any CPU
		{54A6FF61-14B8-4BF4-B927-CF193C61CE4C}.Release|Any CPU.ActiveCfg = Release|Any CPU
		{54A6FF61-14B8-4BF4-B927-CF193C61CE4C}.Release|Any CPU.Build.0 = Release|Any CPU
		{54A6FF61-14B8-4BF4-B927-CF193C61CE4C}.Release|x64.ActiveCfg = Release|Any CPU
		{54A6FF61-14B8-4BF4-B927-CF193C61CE4C}.Release|x64.Build.0 = Release|Any CPU
		{34BF2185-729C-48D9-801C-5CFA0741CCA4}.Debug|Any CPU.ActiveCfg = Debug|Any CPU
		{34BF2185-729C-48D9-801C-5CFA0741CCA4}.Debug|Any CPU.Build.0 = Debug|Any CPU
		{34BF2185-729C-48D9-801C-5CFA0741CCA4}.Debug|x64.ActiveCfg = Debug|Any CPU
		{34BF2185-729C-48D9-801C-5CFA0741CCA4}.Debug|x64.Build.0 = Debug|Any CPU
		{34BF2185-729C-48D9-801C-5CFA0741CCA4}.Release|Any CPU.ActiveCfg = Release|Any CPU
		{34BF2185-729C-48D9-801C-5CFA0741CCA4}.Release|Any CPU.Build.0 = Release|Any CPU
		{34BF2185-729C-48D9-801C-5CFA0741CCA4}.Release|x64.ActiveCfg = Release|Any CPU
		{34BF2185-729C-48D9-801C-5CFA0741CCA4}.Release|x64.Build.0 = Release|Any CPU
		{253EDD5C-6EC4-4EC9-9B2C-34CF4EAA1803}.Debug|Any CPU.ActiveCfg = Debug|Any CPU
		{253EDD5C-6EC4-4EC9-9B2C-34CF4EAA1803}.Debug|Any CPU.Build.0 = Debug|Any CPU
		{253EDD5C-6EC4-4EC9-9B2C-34CF4EAA1803}.Debug|x64.ActiveCfg = Debug|Any CPU
		{253EDD5C-6EC4-4EC9-9B2C-34CF4EAA1803}.Debug|x64.Build.0 = Debug|Any CPU
		{253EDD5C-6EC4-4EC9-9B2C-34CF4EAA1803}.Release|Any CPU.ActiveCfg = Release|Any CPU
		{253EDD5C-6EC4-4EC9-9B2C-34CF4EAA1803}.Release|Any CPU.Build.0 = Release|Any CPU
		{253EDD5C-6EC4-4EC9-9B2C-34CF4EAA1803}.Release|x64.ActiveCfg = Release|Any CPU
		{253EDD5C-6EC4-4EC9-9B2C-34CF4EAA1803}.Release|x64.Build.0 = Release|Any CPU
	EndGlobalSection
	GlobalSection(SolutionProperties) = preSolution
		HideSolutionNode = FALSE
	EndGlobalSection
	GlobalSection(ExtensibilityGlobals) = postSolution
		SolutionGuid = {E6894895-ECFB-468D-B048-F51788595390}
	EndGlobalSection
EndGlobal
